
Microsoft Visual Studio Solution File, Format Version 12.00
# Visual Studio Version 16
VisualStudioVersion = 16.0.29613.14
MinimumVisualStudioVersion = 10.0.40219.1
Project("{FAE04EC0-301F-11D3-BF4B-00C04F79EFBC}") = "MailServiceClient", "MailServiceClient\MailServiceClient.csproj", "{F807EB26-F9AE-4C39-9D4C-6475A9AA9FD1}"
EndProject
Global
	GlobalSection(SolutionConfigurationPlatforms) = preSolution
		Debug|Any CPU = Debug|Any CPU
		Release|Any CPU = Release|Any CPU
	EndGlobalSection
	GlobalSection(ProjectConfigurationPlatforms) = postSolution
		{F807EB26-F9AE-4C39-9D4C-6475A9AA9FD1}.Debug|Any CPU.ActiveCfg = Debug|Any CPU
		{F807EB26-F9AE-4C39-9D4C-6475A9AA9FD1}.Debug|Any CPU.Build.0 = Debug|Any CPU
		{F807EB26-F9AE-4C39-9D4C-6475A9AA9FD1}.Release|Any CPU.ActiveCfg = Release|Any CPU
		{F807EB26-F9AE-4C39-9D4C-6475A9AA9FD1}.Release|Any CPU.Build.0 = Release|Any CPU
	EndGlobalSection
	GlobalSection(SolutionProperties) = preSolution
		HideSolutionNode = FALSE
	EndGlobalSection
	GlobalSection(ExtensibilityGlobals) = postSolution
		SolutionGuid = {2F4D6DF5-3D28-429F-B9E9-FDB518915FD9}
	EndGlobalSection
EndGlobal
